
Microsoft Visual Studio Solution File, Format Version 12.00
# Visual Studio Version 17
VisualStudioVersion = 17.0.32112.339
MinimumVisualStudioVersion = 10.0.40219.1
Project("{FAE04EC0-301F-11D3-BF4B-00C04F79EFBC}") = "TechAssignment 2 - Basic Console App", "TechAssignment 2 - Basic Console App.csproj", "{EBD17936-885A-4AFD-93B9-E6692814AA06}"
EndProject
Global
	GlobalSection(SolutionConfigurationPlatforms) = preSolution
		Debug|Any CPU = Debug|Any CPU
		Release|Any CPU = Release|Any CPU
	EndGlobalSection
	GlobalSection(ProjectConfigurationPlatforms) = postSolution
		{EBD17936-885A-4AFD-93B9-E6692814AA06}.Debug|Any CPU.ActiveCfg = Debug|Any CPU
		{EBD17936-885A-4AFD-93B9-E6692814AA06}.Debug|Any CPU.Build.0 = Debug|Any CPU
		{EBD17936-885A-4AFD-93B9-E6692814AA06}.Release|Any CPU.ActiveCfg = Release|Any CPU
		{EBD17936-885A-4AFD-93B9-E6692814AA06}.Release|Any CPU.Build.0 = Release|Any CPU
	EndGlobalSection
	GlobalSection(SolutionProperties) = preSolution
		HideSolutionNode = FALSE
	EndGlobalSection
	GlobalSection(ExtensibilityGlobals) = postSolution
		SolutionGuid = {AC09630F-39DA-4E7B-A81C-B54EF2F70E50}
	EndGlobalSection
EndGlobal
